// !$*UTF8*$!
{
	archiveVersion = 1;
	classes = {
	};
	objectVersion = 50;
	objects = {

/* Begin PBXBuildFile section */
		5B38C3C8258ABE6C00CB8F37 /* AppDelegate.swift in Sources */ = {isa = PBXBuildFile; fileRef = 5B38C3C7258ABE6C00CB8F37 /* AppDelegate.swift */; };
		5B38C3CA258ABE6C00CB8F37 /* SceneDelegate.swift in Sources */ = {isa = PBXBuildFile; fileRef = 5B38C3C9258ABE6C00CB8F37 /* SceneDelegate.swift */; };
		5B38C3CF258ABE6C00CB8F37 /* Main.storyboard in Resources */ = {isa = PBXBuildFile; fileRef = 5B38C3CD258ABE6C00CB8F37 /* Main.storyboard */; };
		5B38C3D1258ABE6E00CB8F37 /* Assets.xcassets in Resources */ = {isa = PBXBuildFile; fileRef = 5B38C3D0258ABE6E00CB8F37 /* Assets.xcassets */; };
		5B38C3D4258ABE6E00CB8F37 /* LaunchScreen.storyboard in Resources */ = {isa = PBXBuildFile; fileRef = 5B38C3D2258ABE6E00CB8F37 /* LaunchScreen.storyboard */; };
		5B42A40325B2E1F00067F0BB /* ProfileManager.swift in Sources */ = {isa = PBXBuildFile; fileRef = 5B42A40225B2E1F00067F0BB /* ProfileManager.swift */; };
		5B42A40625B32CF60067F0BB /* ProfileKitchenModel.swift in Sources */ = {isa = PBXBuildFile; fileRef = 5B42A40525B32CF60067F0BB /* ProfileKitchenModel.swift */; };
		5B42A43025B38F220067F0BB /* SelectProfile.swift in Sources */ = {isa = PBXBuildFile; fileRef = 5B42A42F25B38F220067F0BB /* SelectProfile.swift */; };
		5B739E1925B236CB00DDBDA8 /* BarButtonExtension.swift in Sources */ = {isa = PBXBuildFile; fileRef = 5B739E1825B236CA00DDBDA8 /* BarButtonExtension.swift */; };
		5B739E1F25B24F0300DDBDA8 /* ProfileEditionModel.swift in Sources */ = {isa = PBXBuildFile; fileRef = 5B739E1E25B24F0300DDBDA8 /* ProfileEditionModel.swift */; };
		5B8BFCEF25B0D96400C9A7A2 /* ProfileModel.swift in Sources */ = {isa = PBXBuildFile; fileRef = 5B8BFCEE25B0D96400C9A7A2 /* ProfileModel.swift */; };
		5BEA079E25A1CD9B0000AC12 /* StandardCell.swift in Sources */ = {isa = PBXBuildFile; fileRef = 5BEA079C25A1CD9B0000AC12 /* StandardCell.swift */; };
		5BEA079F25A1CD9B0000AC12 /* StandardCell.xib in Resources */ = {isa = PBXBuildFile; fileRef = 5BEA079D25A1CD9B0000AC12 /* StandardCell.xib */; };
		5BEA07A725A1D2610000AC12 /* EditProfile.swift in Sources */ = {isa = PBXBuildFile; fileRef = 5BEA07A625A1D2610000AC12 /* EditProfile.swift */; };
		5BEA07AA25A1D2740000AC12 /* ChooseImage.swift in Sources */ = {isa = PBXBuildFile; fileRef = 5BEA07A925A1D2740000AC12 /* ChooseImage.swift */; };
/* End PBXBuildFile section */

/* Begin PBXFileReference section */
		5B38C3C4258ABE6C00CB8F37 /* NoteCook.app */ = {isa = PBXFileReference; explicitFileType = wrapper.application; includeInIndex = 0; path = NoteCook.app; sourceTree = BUILT_PRODUCTS_DIR; };
		5B38C3C7258ABE6C00CB8F37 /* AppDelegate.swift */ = {isa = PBXFileReference; lastKnownFileType = sourcecode.swift; path = AppDelegate.swift; sourceTree = "<group>"; };
		5B38C3C9258ABE6C00CB8F37 /* SceneDelegate.swift */ = {isa = PBXFileReference; lastKnownFileType = sourcecode.swift; path = SceneDelegate.swift; sourceTree = "<group>"; };
		5B38C3CE258ABE6C00CB8F37 /* Base */ = {isa = PBXFileReference; lastKnownFileType = file.storyboard; name = Base; path = Base.lproj/Main.storyboard; sourceTree = "<group>"; };
		5B38C3D0258ABE6E00CB8F37 /* Assets.xcassets */ = {isa = PBXFileReference; lastKnownFileType = folder.assetcatalog; path = Assets.xcassets; sourceTree = "<group>"; };
		5B38C3D3258ABE6E00CB8F37 /* Base */ = {isa = PBXFileReference; lastKnownFileType = file.storyboard; name = Base; path = Base.lproj/LaunchScreen.storyboard; sourceTree = "<group>"; };
		5B38C3D5258ABE6E00CB8F37 /* Info.plist */ = {isa = PBXFileReference; lastKnownFileType = text.plist.xml; path = Info.plist; sourceTree = "<group>"; };
		5B42A40225B2E1F00067F0BB /* ProfileManager.swift */ = {isa = PBXFileReference; lastKnownFileType = sourcecode.swift; path = ProfileManager.swift; sourceTree = "<group>"; };
		5B42A40525B32CF60067F0BB /* ProfileKitchenModel.swift */ = {isa = PBXFileReference; lastKnownFileType = sourcecode.swift; path = ProfileKitchenModel.swift; sourceTree = "<group>"; };
		5B42A42F25B38F220067F0BB /* SelectProfile.swift */ = {isa = PBXFileReference; lastKnownFileType = sourcecode.swift; path = SelectProfile.swift; sourceTree = "<group>"; };
		5B739E1825B236CA00DDBDA8 /* BarButtonExtension.swift */ = {isa = PBXFileReference; fileEncoding = 4; lastKnownFileType = sourcecode.swift; path = BarButtonExtension.swift; sourceTree = "<group>"; };
		5B739E1E25B24F0300DDBDA8 /* ProfileEditionModel.swift */ = {isa = PBXFileReference; lastKnownFileType = sourcecode.swift; path = ProfileEditionModel.swift; sourceTree = "<group>"; };
		5B8BFCEE25B0D96400C9A7A2 /* ProfileModel.swift */ = {isa = PBXFileReference; lastKnownFileType = sourcecode.swift; path = ProfileModel.swift; sourceTree = "<group>"; };
		5BEA079C25A1CD9B0000AC12 /* StandardCell.swift */ = {isa = PBXFileReference; lastKnownFileType = sourcecode.swift; path = StandardCell.swift; sourceTree = "<group>"; };
		5BEA079D25A1CD9B0000AC12 /* StandardCell.xib */ = {isa = PBXFileReference; lastKnownFileType = file.xib; path = StandardCell.xib; sourceTree = "<group>"; };
		5BEA07A625A1D2610000AC12 /* EditProfile.swift */ = {isa = PBXFileReference; lastKnownFileType = sourcecode.swift; path = EditProfile.swift; sourceTree = "<group>"; };
		5BEA07A925A1D2740000AC12 /* ChooseImage.swift */ = {isa = PBXFileReference; lastKnownFileType = sourcecode.swift; path = ChooseImage.swift; sourceTree = "<group>"; };
/* End PBXFileReference section */

/* Begin PBXFrameworksBuildPhase section */
		5B38C3C1258ABE6C00CB8F37 /* Frameworks */ = {
			isa = PBXFrameworksBuildPhase;
			buildActionMask = 2147483647;
			files = (
			);
			runOnlyForDeploymentPostprocessing = 0;
		};
/* End PBXFrameworksBuildPhase section */

/* Begin PBXGroup section */
		5B38C3BB258ABE6C00CB8F37 = {
			isa = PBXGroup;
			children = (
				5B38C3C6258ABE6C00CB8F37 /* NoteCook */,
				5B38C3C5258ABE6C00CB8F37 /* Products */,
			);
			sourceTree = "<group>";
		};
		5B38C3C5258ABE6C00CB8F37 /* Products */ = {
			isa = PBXGroup;
			children = (
				5B38C3C4258ABE6C00CB8F37 /* NoteCook.app */,
			);
			name = Products;
			sourceTree = "<group>";
		};
		5B38C3C6258ABE6C00CB8F37 /* NoteCook */ = {
			isa = PBXGroup;
			children = (
				5B38C3D5258ABE6E00CB8F37 /* Info.plist */,
				5B4734EE25A26FE300EE2F97 /* Design */,
				5B4734EB25A26F9B00EE2F97 /* Views - Screen */,
				5B4734EC25A26FAA00EE2F97 /* Models - Data */,
				5B4734ED25A26FB200EE2F97 /* Managers - Logics and metods */,
				5B4734EF25A26FEF00EE2F97 /* Common */,
			);
			path = NoteCook;
			sourceTree = "<group>";
		};
		5B4734EB25A26F9B00EE2F97 /* Views - Screen */ = {
			isa = PBXGroup;
			children = (
				5B42A42F25B38F220067F0BB /* SelectProfile.swift */,
				5BEA07A625A1D2610000AC12 /* EditProfile.swift */,
				5BEA07A925A1D2740000AC12 /* ChooseImage.swift */,
				5B739E1825B236CA00DDBDA8 /* BarButtonExtension.swift */,
				5BEA079C25A1CD9B0000AC12 /* StandardCell.swift */,
			);
			path = "Views - Screen";
			sourceTree = "<group>";
		};
		5B4734EC25A26FAA00EE2F97 /* Models - Data */ = {
			isa = PBXGroup;
			children = (
				5B739E1E25B24F0300DDBDA8 /* ProfileEditionModel.swift */,
				5B8BFCEE25B0D96400C9A7A2 /* ProfileModel.swift */,
				5B42A40525B32CF60067F0BB /* ProfileKitchenModel.swift */,
			);
			path = "Models - Data";
			sourceTree = "<group>";
		};
		5B4734ED25A26FB200EE2F97 /* Managers - Logics and metods */ = {
			isa = PBXGroup;
			children = (
				5B42A40225B2E1F00067F0BB /* ProfileManager.swift */,
			);
			path = "Managers - Logics and metods";
			sourceTree = "<group>";
		};
		5B4734EE25A26FE300EE2F97 /* Design */ = {
			isa = PBXGroup;
			children = (
				5B38C3D2258ABE6E00CB8F37 /* LaunchScreen.storyboard */,
				5B38C3CD258ABE6C00CB8F37 /* Main.storyboard */,
				5BEA079D25A1CD9B0000AC12 /* StandardCell.xib */,
			);
			path = Design;
			sourceTree = "<group>";
		};
		5B4734EF25A26FEF00EE2F97 /* Common */ = {
			isa = PBXGroup;
			children = (
				5B38C3C7258ABE6C00CB8F37 /* AppDelegate.swift */,
				5B38C3C9258ABE6C00CB8F37 /* SceneDelegate.swift */,
				5B38C3D0258ABE6E00CB8F37 /* Assets.xcassets */,
			);
			path = Common;
			sourceTree = "<group>";
		};
/* End PBXGroup section */

/* Begin PBXNativeTarget section */
		5B38C3C3258ABE6C00CB8F37 /* NoteCook */ = {
			isa = PBXNativeTarget;
			buildConfigurationList = 5B38C3D8258ABE6E00CB8F37 /* Build configuration list for PBXNativeTarget "NoteCook" */;
			buildPhases = (
				5B38C3C0258ABE6C00CB8F37 /* Sources */,
				5B38C3C1258ABE6C00CB8F37 /* Frameworks */,
				5B38C3C2258ABE6C00CB8F37 /* Resources */,
			);
			buildRules = (
			);
			dependencies = (
			);
			name = NoteCook;
			productName = NoteCook;
			productReference = 5B38C3C4258ABE6C00CB8F37 /* NoteCook.app */;
			productType = "com.apple.product-type.application";
		};
/* End PBXNativeTarget section */

/* Begin PBXProject section */
		5B38C3BC258ABE6C00CB8F37 /* Project object */ = {
			isa = PBXProject;
			attributes = {
				LastSwiftUpdateCheck = 1230;
				LastUpgradeCheck = 1230;
				TargetAttributes = {
					5B38C3C3258ABE6C00CB8F37 = {
						CreatedOnToolsVersion = 12.3;
					};
				};
			};
			buildConfigurationList = 5B38C3BF258ABE6C00CB8F37 /* Build configuration list for PBXProject "NoteCook" */;
			compatibilityVersion = "Xcode 9.3";
			developmentRegion = en;
			hasScannedForEncodings = 0;
			knownRegions = (
				en,
				Base,
			);
			mainGroup = 5B38C3BB258ABE6C00CB8F37;
			productRefGroup = 5B38C3C5258ABE6C00CB8F37 /* Products */;
			projectDirPath = "";
			projectRoot = "";
			targets = (
				5B38C3C3258ABE6C00CB8F37 /* NoteCook */,
			);
		};
/* End PBXProject section */

/* Begin PBXResourcesBuildPhase section */
		5B38C3C2258ABE6C00CB8F37 /* Resources */ = {
			isa = PBXResourcesBuildPhase;
			buildActionMask = 2147483647;
			files = (
				5B38C3D4258ABE6E00CB8F37 /* LaunchScreen.storyboard in Resources */,
				5B38C3D1258ABE6E00CB8F37 /* Assets.xcassets in Resources */,
				5BEA079F25A1CD9B0000AC12 /* StandardCell.xib in Resources */,
				5B38C3CF258ABE6C00CB8F37 /* Main.storyboard in Resources */,
			);
			runOnlyForDeploymentPostprocessing = 0;
		};
/* End PBXResourcesBuildPhase section */

/* Begin PBXSourcesBuildPhase section */
		5B38C3C0258ABE6C00CB8F37 /* Sources */ = {
			isa = PBXSourcesBuildPhase;
			buildActionMask = 2147483647;
			files = (
				5B42A40625B32CF60067F0BB /* ProfileKitchenModel.swift in Sources */,
				5B739E1F25B24F0300DDBDA8 /* ProfileEditionModel.swift in Sources */,
				5B42A40325B2E1F00067F0BB /* ProfileManager.swift in Sources */,
				5B38C3C8258ABE6C00CB8F37 /* AppDelegate.swift in Sources */,
				5B739E1925B236CB00DDBDA8 /* BarButtonExtension.swift in Sources */,
				5B38C3CA258ABE6C00CB8F37 /* SceneDelegate.swift in Sources */,
				5BEA07AA25A1D2740000AC12 /* ChooseImage.swift in Sources */,
				5B8BFCEF25B0D96400C9A7A2 /* ProfileModel.swift in Sources */,
				5B42A43025B38F220067F0BB /* SelectProfile.swift in Sources */,
				5BEA079E25A1CD9B0000AC12 /* StandardCell.swift in Sources */,
				5BEA07A725A1D2610000AC12 /* EditProfile.swift in Sources */,
			);
			runOnlyForDeploymentPostprocessing = 0;
		};
/* End PBXSourcesBuildPhase section */

/* Begin PBXVariantGroup section */
		5B38C3CD258ABE6C00CB8F37 /* Main.storyboard */ = {
			isa = PBXVariantGroup;
			children = (
				5B38C3CE258ABE6C00CB8F37 /* Base */,
			);
			name = Main.storyboard;
			sourceTree = "<group>";
		};
		5B38C3D2258ABE6E00CB8F37 /* LaunchScreen.storyboard */ = {
			isa = PBXVariantGroup;
			children = (
				5B38C3D3258ABE6E00CB8F37 /* Base */,
			);
			name = LaunchScreen.storyboard;
			sourceTree = "<group>";
		};
/* End PBXVariantGroup section */

/* Begin XCBuildConfiguration section */
		5B38C3D6258ABE6E00CB8F37 /* Debug */ = {
			isa = XCBuildConfiguration;
			buildSettings = {
				ALWAYS_SEARCH_USER_PATHS = NO;
				CLANG_ANALYZER_NONNULL = YES;
				CLANG_ANALYZER_NUMBER_OBJECT_CONVERSION = YES_AGGRESSIVE;
				CLANG_CXX_LANGUAGE_STANDARD = "gnu++14";
				CLANG_CXX_LIBRARY = "libc++";
				CLANG_ENABLE_MODULES = YES;
				CLANG_ENABLE_OBJC_ARC = YES;
				CLANG_ENABLE_OBJC_WEAK = YES;
				CLANG_WARN_BLOCK_CAPTURE_AUTORELEASING = YES;
				CLANG_WARN_BOOL_CONVERSION = YES;
				CLANG_WARN_COMMA = YES;
				CLANG_WARN_CONSTANT_CONVERSION = YES;
				CLANG_WARN_DEPRECATED_OBJC_IMPLEMENTATIONS = YES;
				CLANG_WARN_DIRECT_OBJC_ISA_USAGE = YES_ERROR;
				CLANG_WARN_DOCUMENTATION_COMMENTS = YES;
				CLANG_WARN_EMPTY_BODY = YES;
				CLANG_WARN_ENUM_CONVERSION = YES;
				CLANG_WARN_INFINITE_RECURSION = YES;
				CLANG_WARN_INT_CONVERSION = YES;
				CLANG_WARN_NON_LITERAL_NULL_CONVERSION = YES;
				CLANG_WARN_OBJC_IMPLICIT_RETAIN_SELF = YES;
				CLANG_WARN_OBJC_LITERAL_CONVERSION = YES;
				CLANG_WARN_OBJC_ROOT_CLASS = YES_ERROR;
				CLANG_WARN_QUOTED_INCLUDE_IN_FRAMEWORK_HEADER = YES;
				CLANG_WARN_RANGE_LOOP_ANALYSIS = YES;
				CLANG_WARN_STRICT_PROTOTYPES = YES;
				CLANG_WARN_SUSPICIOUS_MOVE = YES;
				CLANG_WARN_UNGUARDED_AVAILABILITY = YES_AGGRESSIVE;
				CLANG_WARN_UNREACHABLE_CODE = YES;
				CLANG_WARN__DUPLICATE_METHOD_MATCH = YES;
				COPY_PHASE_STRIP = NO;
				DEBUG_INFORMATION_FORMAT = dwarf;
				ENABLE_STRICT_OBJC_MSGSEND = YES;
				ENABLE_TESTABILITY = YES;
				GCC_C_LANGUAGE_STANDARD = gnu11;
				GCC_DYNAMIC_NO_PIC = NO;
				GCC_NO_COMMON_BLOCKS = YES;
				GCC_OPTIMIZATION_LEVEL = 0;
				GCC_PREPROCESSOR_DEFINITIONS = (
					"DEBUG=1",
					"$(inherited)",
				);
				GCC_WARN_64_TO_32_BIT_CONVERSION = YES;
				GCC_WARN_ABOUT_RETURN_TYPE = YES_ERROR;
				GCC_WARN_UNDECLARED_SELECTOR = YES;
				GCC_WARN_UNINITIALIZED_AUTOS = YES_AGGRESSIVE;
				GCC_WARN_UNUSED_FUNCTION = YES;
				GCC_WARN_UNUSED_VARIABLE = YES;
				IPHONEOS_DEPLOYMENT_TARGET = 14.3;
				MTL_ENABLE_DEBUG_INFO = INCLUDE_SOURCE;
				MTL_FAST_MATH = YES;
				ONLY_ACTIVE_ARCH = YES;
				SDKROOT = iphoneos;
				SWIFT_ACTIVE_COMPILATION_CONDITIONS = DEBUG;
				SWIFT_OPTIMIZATION_LEVEL = "-Onone";
			};
			name = Debug;
		};
		5B38C3D7258ABE6E00CB8F37 /* Release */ = {
			isa = XCBuildConfiguration;
			buildSettings = {
				ALWAYS_SEARCH_USER_PATHS = NO;
				CLANG_ANALYZER_NONNULL = YES;
				CLANG_ANALYZER_NUMBER_OBJECT_CONVERSION = YES_AGGRESSIVE;
				CLANG_CXX_LANGUAGE_STANDARD = "gnu++14";
				CLANG_CXX_LIBRARY = "libc++";
				CLANG_ENABLE_MODULES = YES;
				CLANG_ENABLE_OBJC_ARC = YES;
				CLANG_ENABLE_OBJC_WEAK = YES;
				CLANG_WARN_BLOCK_CAPTURE_AUTORELEASING = YES;
				CLANG_WARN_BOOL_CONVERSION = YES;
				CLANG_WARN_COMMA = YES;
				CLANG_WARN_CONSTANT_CONVERSION = YES;
				CLANG_WARN_DEPRECATED_OBJC_IMPLEMENTATIONS = YES;
				CLANG_WARN_DIRECT_OBJC_ISA_USAGE = YES_ERROR;
				CLANG_WARN_DOCUMENTATION_COMMENTS = YES;
				CLANG_WARN_EMPTY_BODY = YES;
				CLANG_WARN_ENUM_CONVERSION = YES;
				CLANG_WARN_INFINITE_RECURSION = YES;
				CLANG_WARN_INT_CONVERSION = YES;
				CLANG_WARN_NON_LITERAL_NULL_CONVERSION = YES;
				CLANG_WARN_OBJC_IMPLICIT_RETAIN_SELF = YES;
				CLANG_WARN_OBJC_LITERAL_CONVERSION = YES;
				CLANG_WARN_OBJC_ROOT_CLASS = YES_ERROR;
				CLANG_WARN_QUOTED_INCLUDE_IN_FRAMEWORK_HEADER = YES;
				CLANG_WARN_RANGE_LOOP_ANALYSIS = YES;
				CLANG_WARN_STRICT_PROTOTYPES = YES;
				CLANG_WARN_SUSPICIOUS_MOVE = YES;
				CLANG_WARN_UNGUARDED_AVAILABILITY = YES_AGGRESSIVE;
				CLANG_WARN_UNREACHABLE_CODE = YES;
				CLANG_WARN__DUPLICATE_METHOD_MATCH = YES;
				COPY_PHASE_STRIP = NO;
				DEBUG_INFORMATION_FORMAT = "dwarf-with-dsym";
				ENABLE_NS_ASSERTIONS = NO;
				ENABLE_STRICT_OBJC_MSGSEND = YES;
				GCC_C_LANGUAGE_STANDARD = gnu11;
				GCC_NO_COMMON_BLOCKS = YES;
				GCC_WARN_64_TO_32_BIT_CONVERSION = YES;
				GCC_WARN_ABOUT_RETURN_TYPE = YES_ERROR;
				GCC_WARN_UNDECLARED_SELECTOR = YES;
				GCC_WARN_UNINITIALIZED_AUTOS = YES_AGGRESSIVE;
				GCC_WARN_UNUSED_FUNCTION = YES;
				GCC_WARN_UNUSED_VARIABLE = YES;
				IPHONEOS_DEPLOYMENT_TARGET = 14.3;
				MTL_ENABLE_DEBUG_INFO = NO;
				MTL_FAST_MATH = YES;
				SDKROOT = iphoneos;
				SWIFT_COMPILATION_MODE = wholemodule;
				SWIFT_OPTIMIZATION_LEVEL = "-O";
				VALIDATE_PRODUCT = YES;
			};
			name = Release;
		};
		5B38C3D9258ABE6E00CB8F37 /* Debug */ = {
			isa = XCBuildConfiguration;
			buildSettings = {
				ASSETCATALOG_COMPILER_APPICON_NAME = AppIcon;
				ASSETCATALOG_COMPILER_GLOBAL_ACCENT_COLOR_NAME = AccentColor;
				CODE_SIGN_STYLE = Automatic;
				DEVELOPMENT_TEAM = JN234S6LJ9;
				INFOPLIST_FILE = NoteCook/Info.plist;
				IPHONEOS_DEPLOYMENT_TARGET = 13.0;
				LD_RUNPATH_SEARCH_PATHS = (
					"$(inherited)",
					"@executable_path/Frameworks",
				);
				PRODUCT_BUNDLE_IDENTIFIER = com.Marinsm.Pantalla1.NoteCook;
				PRODUCT_NAME = "$(TARGET_NAME)";
				SWIFT_VERSION = 5.0;
				TARGETED_DEVICE_FAMILY = "1,2";
			};
			name = Debug;
		};
		5B38C3DA258ABE6E00CB8F37 /* Release */ = {
			isa = XCBuildConfiguration;
			buildSettings = {
				ASSETCATALOG_COMPILER_APPICON_NAME = AppIcon;
				ASSETCATALOG_COMPILER_GLOBAL_ACCENT_COLOR_NAME = AccentColor;
				CODE_SIGN_STYLE = Automatic;
				DEVELOPMENT_TEAM = JN234S6LJ9;
				INFOPLIST_FILE = NoteCook/Info.plist;
				IPHONEOS_DEPLOYMENT_TARGET = 13.0;
				LD_RUNPATH_SEARCH_PATHS = (
					"$(inherited)",
					"@executable_path/Frameworks",
				);
				PRODUCT_BUNDLE_IDENTIFIER = com.Marinsm.Pantalla1.NoteCook;
				PRODUCT_NAME = "$(TARGET_NAME)";
				SWIFT_VERSION = 5.0;
				TARGETED_DEVICE_FAMILY = "1,2";
			};
			name = Release;
		};
/* End XCBuildConfiguration section */

/* Begin XCConfigurationList section */
		5B38C3BF258ABE6C00CB8F37 /* Build configuration list for PBXProject "NoteCook" */ = {
			isa = XCConfigurationList;
			buildConfigurations = (
				5B38C3D6258ABE6E00CB8F37 /* Debug */,
				5B38C3D7258ABE6E00CB8F37 /* Release */,
			);
			defaultConfigurationIsVisible = 0;
			defaultConfigurationName = Release;
		};
		5B38C3D8258ABE6E00CB8F37 /* Build configuration list for PBXNativeTarget "NoteCook" */ = {
			isa = XCConfigurationList;
			buildConfigurations = (
				5B38C3D9258ABE6E00CB8F37 /* Debug */,
				5B38C3DA258ABE6E00CB8F37 /* Release */,
			);
			defaultConfigurationIsVisible = 0;
			defaultConfigurationName = Release;
		};
/* End XCConfigurationList section */
	};
	rootObject = 5B38C3BC258ABE6C00CB8F37 /* Project object */;
}
